
Microsoft Visual Studio Solution File, Format Version 12.00
# Visual Studio 15
VisualStudioVersion = 15.0.28307.572
MinimumVisualStudioVersion = 10.0.40219.1
Project("{9A19103F-16F7-4668-BE54-9A1E7A4F7556}") = "Tools", "Tools.csproj", "{879D3026-BFE3-4892-BB7F-7FA743FBA641}"
EndProject
Global
	GlobalSection(SolutionConfigurationPlatforms) = preSolution
		Debug|Any CPU = Debug|Any CPU
		Release|Any CPU = Release|Any CPU
	EndGlobalSection
	GlobalSection(ProjectConfigurationPlatforms) = postSolution
		{879D3026-BFE3-4892-BB7F-7FA743FBA641}.Debug|Any CPU.ActiveCfg = Debug|Any CPU
		{879D3026-BFE3-4892-BB7F-7FA743FBA641}.Debug|Any CPU.Build.0 = Debug|Any CPU
		{879D3026-BFE3-4892-BB7F-7FA743FBA641}.Release|Any CPU.ActiveCfg = Release|Any CPU
		{879D3026-BFE3-4892-BB7F-7FA743FBA641}.Release|Any CPU.Build.0 = Release|Any CPU
	EndGlobalSection
	GlobalSection(SolutionProperties) = preSolution
		HideSolutionNode = FALSE
	EndGlobalSection
	GlobalSection(ExtensibilityGlobals) = postSolution
		SolutionGuid = {0EC43AD0-B7B3-4D01-9818-7E3E7BFB67C2}
	EndGlobalSection
EndGlobal
